
Microsoft Visual Studio Solution File, Format Version 12.00
# Visual Studio Version 16
VisualStudioVersion = 16.0.32126.315
MinimumVisualStudioVersion = 10.0.40219.1
Project("{9A19103F-16F7-4668-BE54-9A1E7A4F7556}") = "WSUniversalLib", "WSUniversalLib\WSUniversalLib.csproj", "{5ADA0727-811B-4574-B88E-A646155BA7C9}"
EndProject
Project("{FAE04EC0-301F-11D3-BF4B-00C04F79EFBC}") = "WBUniversalTestLib", "WBUniversalTestLib\WBUniversalTestLib.csproj", "{2454EFF8-8A8D-451E-A7DA-EC2A125298A6}"
EndProject
Global
	GlobalSection(SolutionConfigurationPlatforms) = preSolution
		Debug|Any CPU = Debug|Any CPU
		Release|Any CPU = Release|Any CPU
	EndGlobalSection
	GlobalSection(ProjectConfigurationPlatforms) = postSolution
		{5ADA0727-811B-4574-B88E-A646155BA7C9}.Debug|Any CPU.ActiveCfg = Debug|Any CPU
		{5ADA0727-811B-4574-B88E-A646155BA7C9}.Debug|Any CPU.Build.0 = Debug|Any CPU
		{5ADA0727-811B-4574-B88E-A646155BA7C9}.Release|Any CPU.ActiveCfg = Release|Any CPU
		{5ADA0727-811B-4574-B88E-A646155BA7C9}.Release|Any CPU.Build.0 = Release|Any CPU
		{2454EFF8-8A8D-451E-A7DA-EC2A125298A6}.Debug|Any CPU.ActiveCfg = Debug|Any CPU
		{2454EFF8-8A8D-451E-A7DA-EC2A125298A6}.Debug|Any CPU.Build.0 = Debug|Any CPU
		{2454EFF8-8A8D-451E-A7DA-EC2A125298A6}.Release|Any CPU.ActiveCfg = Release|Any CPU
		{2454EFF8-8A8D-451E-A7DA-EC2A125298A6}.Release|Any CPU.Build.0 = Release|Any CPU
	EndGlobalSection
	GlobalSection(SolutionProperties) = preSolution
		HideSolutionNode = FALSE
	EndGlobalSection
	GlobalSection(ExtensibilityGlobals) = postSolution
		SolutionGuid = {F4E7CE7E-1D71-4DC8-ADBD-5A83DAA078A7}
	EndGlobalSection
EndGlobal
